
Microsoft Visual Studio Solution File, Format Version 12.00
# Visual Studio Version 17
VisualStudioVersion = 17.9.34728.123
MinimumVisualStudioVersion = 10.0.40219.1
Project("{9A19103F-16F7-4668-BE54-9A1E7A4F7556}") = "UTS_72220538", "UTS_72220538\UTS_72220538.csproj", "{D20FBEE2-81E9-49A1-BA70-D5E7F522D2BA}"
EndProject
Global
	GlobalSection(SolutionConfigurationPlatforms) = preSolution
		Debug|Any CPU = Debug|Any CPU
		Release|Any CPU = Release|Any CPU
	EndGlobalSection
	GlobalSection(ProjectConfigurationPlatforms) = postSolution
		{D20FBEE2-81E9-49A1-BA70-D5E7F522D2BA}.Debug|Any CPU.ActiveCfg = Debug|Any CPU
		{D20FBEE2-81E9-49A1-BA70-D5E7F522D2BA}.Debug|Any CPU.Build.0 = Debug|Any CPU
		{D20FBEE2-81E9-49A1-BA70-D5E7F522D2BA}.Release|Any CPU.ActiveCfg = Release|Any CPU
		{D20FBEE2-81E9-49A1-BA70-D5E7F522D2BA}.Release|Any CPU.Build.0 = Release|Any CPU
	EndGlobalSection
	GlobalSection(SolutionProperties) = preSolution
		HideSolutionNode = FALSE
	EndGlobalSection
	GlobalSection(ExtensibilityGlobals) = postSolution
		SolutionGuid = {3EF26727-B341-42B2-8A43-1959DC03B0DE}
	EndGlobalSection
EndGlobal
